# vx.lock - Auto-generated, do not edit manually
# Generated by vx 0.8.18

version = 2

[metadata]
generated_at = "2026-04-05T04:51:13Z"
vx_version = "0.8.18"
platform = "x86_64-pc-windows-msvc"

[tools.just]
version = "1.48.1"
source = "generic"
resolved_from = "latest"
ecosystem = "generic"
download_url = "https://github.com/casey/just/releases/download/1.48.1/just-1.48.1-x86_64-pc-windows-msvc.zip"

[tools.maturin]
version = "1.12.6"
source = "python"
resolved_from = "latest"
ecosystem = "python"
download_url = "https://github.com/PyO3/maturin/releases/download/v1.12.6/maturin-x86_64-pc-windows-msvc.zip"

[tools.python]
version = "3.12.13"
source = "python"
resolved_from = "3.12"
ecosystem = "python"
download_url = "https://github.com/astral-sh/python-build-standalone/releases/download/20260325/cpython-3.12.13+20260325-x86_64-pc-windows-msvc-install_only_stripped.tar.gz"

[tools.python.metadata]
lts = "true"

[tools.rust]
version = "1.90.0"
source = "rust"
resolved_from = "1.90"
ecosystem = "rust"
download_url = "https://github.com/rust-lang/rustup/releases/download/1.29.0/rustup-init-1.29.0-x86_64-pc-windows-msvc.exe"

[tools.uv]
version = "0.11.3"
source = "python"
resolved_from = "latest"
ecosystem = "python"
download_url = "https://github.com/astral-sh/uv/releases/download/0.11.3/uv-x86_64-pc-windows-msvc.zip"
